
Microsoft Visual Studio Solution File, Format Version 12.00
# Visual Studio 2013
VisualStudioVersion = 12.0.21005.1
MinimumVisualStudioVersion = 10.0.40219.1
Project("{FAE04EC0-301F-11D3-BF4B-00C04F79EFBC}") = "Hello CSharp", "Hello CSharp\Hello CSharp.csproj", "{2C3E6C58-51C1-4FCD-BA93-46DD05906AD0}"
EndProject
Project("{FAE04EC0-301F-11D3-BF4B-00C04F79EFBC}") = "Expression", "Expression\Expression.csproj", "{6A88689E-950A-4437-8AEF-4A615E2D118D}"
EndProject
Project("{FAE04EC0-301F-11D3-BF4B-00C04F79EFBC}") = "Nums1To20", "Nums1To20\Nums1To20.csproj", "{97A50BB1-B546-4773-A545-7AD04886496B}"
EndProject
Project("{FAE04EC0-301F-11D3-BF4B-00C04F79EFBC}") = "TriangleOf55Stars", "TriangleOf55Stars\TriangleOf55Stars.csproj", "{506AC238-2453-4F0C-81D2-02A79B97698A}"
EndProject
Project("{FAE04EC0-301F-11D3-BF4B-00C04F79EFBC}") = "Rectangle Area", "Rectangle Area\Rectangle Area.csproj", "{047F8DB1-3159-478C-B81E-23655C093DB4}"
EndProject
Project("{FAE04EC0-301F-11D3-BF4B-00C04F79EFBC}") = "SquareofStars", "SquareofStars\SquareofStars.csproj", "{07A15654-E699-4C3B-9C4A-AAB4AFC585F1}"
EndProject
Project("{FAE04EC0-301F-11D3-BF4B-00C04F79EFBC}") = "DrawChristmassTree", "DrawChristmassTree\DrawChristmassTree.csproj", "{A46A9977-098D-497D-8F31-7AB2443AA643}"
EndProject
Global
	GlobalSection(SolutionConfigurationPlatforms) = preSolution
		Debug|Any CPU = Debug|Any CPU
		Release|Any CPU = Release|Any CPU
	EndGlobalSection
	GlobalSection(ProjectConfigurationPlatforms) = postSolution
		{2C3E6C58-51C1-4FCD-BA93-46DD05906AD0}.Debug|Any CPU.ActiveCfg = Debug|Any CPU
		{2C3E6C58-51C1-4FCD-BA93-46DD05906AD0}.Debug|Any CPU.Build.0 = Debug|Any CPU
		{2C3E6C58-51C1-4FCD-BA93-46DD05906AD0}.Release|Any CPU.ActiveCfg = Release|Any CPU
		{2C3E6C58-51C1-4FCD-BA93-46DD05906AD0}.Release|Any CPU.Build.0 = Release|Any CPU
		{6A88689E-950A-4437-8AEF-4A615E2D118D}.Debug|Any CPU.ActiveCfg = Debug|Any CPU
		{6A88689E-950A-4437-8AEF-4A615E2D118D}.Debug|Any CPU.Build.0 = Debug|Any CPU
		{6A88689E-950A-4437-8AEF-4A615E2D118D}.Release|Any CPU.ActiveCfg = Release|Any CPU
		{6A88689E-950A-4437-8AEF-4A615E2D118D}.Release|Any CPU.Build.0 = Release|Any CPU
		{97A50BB1-B546-4773-A545-7AD04886496B}.Debug|Any CPU.ActiveCfg = Debug|Any CPU
		{97A50BB1-B546-4773-A545-7AD04886496B}.Debug|Any CPU.Build.0 = Debug|Any CPU
		{97A50BB1-B546-4773-A545-7AD04886496B}.Release|Any CPU.ActiveCfg = Release|Any CPU
		{97A50BB1-B546-4773-A545-7AD04886496B}.Release|Any CPU.Build.0 = Release|Any CPU
		{506AC238-2453-4F0C-81D2-02A79B97698A}.Debug|Any CPU.ActiveCfg = Debug|Any CPU
		{506AC238-2453-4F0C-81D2-02A79B97698A}.Debug|Any CPU.Build.0 = Debug|Any CPU
		{506AC238-2453-4F0C-81D2-02A79B97698A}.Release|Any CPU.ActiveCfg = Release|Any CPU
		{506AC238-2453-4F0C-81D2-02A79B97698A}.Release|Any CPU.Build.0 = Release|Any CPU
		{047F8DB1-3159-478C-B81E-23655C093DB4}.Debug|Any CPU.ActiveCfg = Debug|Any CPU
		{047F8DB1-3159-478C-B81E-23655C093DB4}.Debug|Any CPU.Build.0 = Debug|Any CPU
		{047F8DB1-3159-478C-B81E-23655C093DB4}.Release|Any CPU.ActiveCfg = Release|Any CPU
		{047F8DB1-3159-478C-B81E-23655C093DB4}.Release|Any CPU.Build.0 = Release|Any CPU
		{07A15654-E699-4C3B-9C4A-AAB4AFC585F1}.Debug|Any CPU.ActiveCfg = Debug|Any CPU
		{07A15654-E699-4C3B-9C4A-AAB4AFC585F1}.Debug|Any CPU.Build.0 = Debug|Any CPU
		{07A15654-E699-4C3B-9C4A-AAB4AFC585F1}.Release|Any CPU.ActiveCfg = Release|Any CPU
		{07A15654-E699-4C3B-9C4A-AAB4AFC585F1}.Release|Any CPU.Build.0 = Release|Any CPU
		{A46A9977-098D-497D-8F31-7AB2443AA643}.Debug|Any CPU.ActiveCfg = Debug|Any CPU
		{A46A9977-098D-497D-8F31-7AB2443AA643}.Debug|Any CPU.Build.0 = Debug|Any CPU
		{A46A9977-098D-497D-8F31-7AB2443AA643}.Release|Any CPU.ActiveCfg = Release|Any CPU
		{A46A9977-098D-497D-8F31-7AB2443AA643}.Release|Any CPU.Build.0 = Release|Any CPU
	EndGlobalSection
	GlobalSection(SolutionProperties) = preSolution
		HideSolutionNode = FALSE
	EndGlobalSection
EndGlobal
